
Microsoft Visual Studio Solution File, Format Version 12.00
# Visual Studio Version 16
VisualStudioVersion = 16.0.29613.14
MinimumVisualStudioVersion = 10.0.40219.1
Project("{FAE04EC0-301F-11D3-BF4B-00C04F79EFBC}") = "TReturnToSender1.2.sln", "TReturnToSender1.2.sln.csproj", "{F935943F-25D0-413F-BD08-EA69EC0CB6A8}"
EndProject
Global
	GlobalSection(SolutionConfigurationPlatforms) = preSolution
		Debug|Any CPU = Debug|Any CPU
		Release|Any CPU = Release|Any CPU
	EndGlobalSection
	GlobalSection(ProjectConfigurationPlatforms) = postSolution
		{F935943F-25D0-413F-BD08-EA69EC0CB6A8}.Debug|Any CPU.ActiveCfg = Debug|Any CPU
		{F935943F-25D0-413F-BD08-EA69EC0CB6A8}.Debug|Any CPU.Build.0 = Debug|Any CPU
		{F935943F-25D0-413F-BD08-EA69EC0CB6A8}.Release|Any CPU.ActiveCfg = Release|Any CPU
		{F935943F-25D0-413F-BD08-EA69EC0CB6A8}.Release|Any CPU.Build.0 = Release|Any CPU
	EndGlobalSection
	GlobalSection(SolutionProperties) = preSolution
		HideSolutionNode = FALSE
	EndGlobalSection
	GlobalSection(ExtensibilityGlobals) = postSolution
		SolutionGuid = {91422B00-9308-4C5C-A479-369593C9812D}
	EndGlobalSection
EndGlobal
